
Microsoft Visual Studio Solution File, Format Version 12.00
# Visual Studio Version 17
VisualStudioVersion = 17.3.32929.385
MinimumVisualStudioVersion = 10.0.40219.1
Project("{FAE04EC0-301F-11D3-BF4B-00C04F79EFBC}") = "EmployeeManagement", "EmployeeManagement.csproj", "{8539038B-6B43-4AF2-9C9E-155365ECD650}"
EndProject
Project("{FAE04EC0-301F-11D3-BF4B-00C04F79EFBC}") = "Server", "..\Server\Server.csproj", "{8B33D993-5AA2-4154-AF80-02246689CE4F}"
EndProject
Global
	GlobalSection(SolutionConfigurationPlatforms) = preSolution
		Debug|Any CPU = Debug|Any CPU
		Release|Any CPU = Release|Any CPU
	EndGlobalSection
	GlobalSection(ProjectConfigurationPlatforms) = postSolution
		{8539038B-6B43-4AF2-9C9E-155365ECD650}.Debug|Any CPU.ActiveCfg = Debug|Any CPU
		{8539038B-6B43-4AF2-9C9E-155365ECD650}.Debug|Any CPU.Build.0 = Debug|Any CPU
		{8539038B-6B43-4AF2-9C9E-155365ECD650}.Release|Any CPU.ActiveCfg = Release|Any CPU
		{8539038B-6B43-4AF2-9C9E-155365ECD650}.Release|Any CPU.Build.0 = Release|Any CPU
		{8B33D993-5AA2-4154-AF80-02246689CE4F}.Debug|Any CPU.ActiveCfg = Debug|Any CPU
		{8B33D993-5AA2-4154-AF80-02246689CE4F}.Debug|Any CPU.Build.0 = Debug|Any CPU
		{8B33D993-5AA2-4154-AF80-02246689CE4F}.Release|Any CPU.ActiveCfg = Release|Any CPU
		{8B33D993-5AA2-4154-AF80-02246689CE4F}.Release|Any CPU.Build.0 = Release|Any CPU
	EndGlobalSection
	GlobalSection(SolutionProperties) = preSolution
		HideSolutionNode = FALSE
	EndGlobalSection
	GlobalSection(ExtensibilityGlobals) = postSolution
		SolutionGuid = {744C7DC1-FD24-4F34-99F1-38BE703416B2}
	EndGlobalSection
EndGlobal
